
Microsoft Visual Studio Solution File, Format Version 12.00
Project("{FAE04EC0-301F-11D3-BF4B-00C04F79EFBC}") = "Pedrabotnik", "Pedrabotnik\Pedrabotnik.csproj", "{ACECB2B4-28FD-447A-A598-0CD72D317BA1}"
EndProject
Global
	GlobalSection(SolutionConfigurationPlatforms) = preSolution
		Debug|Any CPU = Debug|Any CPU
		Release|Any CPU = Release|Any CPU
	EndGlobalSection
	GlobalSection(ProjectConfigurationPlatforms) = postSolution
		{ACECB2B4-28FD-447A-A598-0CD72D317BA1}.Debug|Any CPU.ActiveCfg = Debug|Any CPU
		{ACECB2B4-28FD-447A-A598-0CD72D317BA1}.Debug|Any CPU.Build.0 = Debug|Any CPU
		{ACECB2B4-28FD-447A-A598-0CD72D317BA1}.Release|Any CPU.ActiveCfg = Release|Any CPU
		{ACECB2B4-28FD-447A-A598-0CD72D317BA1}.Release|Any CPU.Build.0 = Release|Any CPU
	EndGlobalSection
EndGlobal
